// !$*UTF8*$!
{
	archiveVersion = 1;
	classes = {
	};
	objectVersion = 46;
	objects = {

/* Begin PBXBuildFile section */
		1E3B75EC1BBBEA7B00B3F12F /* Person.m in Sources */ = {isa = PBXBuildFile; fileRef = 1E3B75EB1BBBEA7B00B3F12F /* Person.m */; settings = {ASSET_TAGS = (); }; };
		1EAE3F581B886E2800F23CE1 /* QYModel.xcdatamodeld in Sources */ = {isa = PBXBuildFile; fileRef = 1EAE3F561B886E2800F23CE1 /* QYModel.xcdatamodeld */; };
		1EEA9A781B7F548000CB1E35 /* main.m in Sources */ = {isa = PBXBuildFile; fileRef = 1EEA9A771B7F548000CB1E35 /* main.m */; };
		1EEA9A7B1B7F548000CB1E35 /* AppDelegate.m in Sources */ = {isa = PBXBuildFile; fileRef = 1EEA9A7A1B7F548000CB1E35 /* AppDelegate.m */; };
		1EEA9A7E1B7F548000CB1E35 /* ViewController.m in Sources */ = {isa = PBXBuildFile; fileRef = 1EEA9A7D1B7F548000CB1E35 /* ViewController.m */; };
		1EEA9A811B7F548000CB1E35 /* Main.storyboard in Resources */ = {isa = PBXBuildFile; fileRef = 1EEA9A7F1B7F548000CB1E35 /* Main.storyboard */; };
		1EEA9A831B7F548000CB1E35 /* Images.xcassets in Resources */ = {isa = PBXBuildFile; fileRef = 1EEA9A821B7F548000CB1E35 /* Images.xcassets */; };
		1EEA9A861B7F548000CB1E35 /* LaunchScreen.xib in Resources */ = {isa = PBXBuildFile; fileRef = 1EEA9A841B7F548000CB1E35 /* LaunchScreen.xib */; };
		1EEA9A921B7F548100CB1E35 /* QYCoreDataManagerDemoTests.m in Sources */ = {isa = PBXBuildFile; fileRef = 1EEA9A911B7F548100CB1E35 /* QYCoreDataManagerDemoTests.m */; };
		1EEA9A9E1B7F561500CB1E35 /* QYCoreDataManager.m in Sources */ = {isa = PBXBuildFile; fileRef = 1EEA9A9D1B7F561500CB1E35 /* QYCoreDataManager.m */; };
/* End PBXBuildFile section */

/* Begin PBXContainerItemProxy section */
		1EEA9A8C1B7F548100CB1E35 /* PBXContainerItemProxy */ = {
			isa = PBXContainerItemProxy;
			containerPortal = 1EEA9A6A1B7F548000CB1E35 /* Project object */;
			proxyType = 1;
			remoteGlobalIDString = 1EEA9A711B7F548000CB1E35;
			remoteInfo = QYCoreDataManagerDemo;
		};
/* End PBXContainerItemProxy section */

/* Begin PBXFileReference section */
		1E3B75EA1BBBEA7B00B3F12F /* Person.h */ = {isa = PBXFileReference; fileEncoding = 4; lastKnownFileType = sourcecode.c.h; path = Person.h; sourceTree = "<group>"; };
		1E3B75EB1BBBEA7B00B3F12F /* Person.m */ = {isa = PBXFileReference; fileEncoding = 4; lastKnownFileType = sourcecode.c.objc; path = Person.m; sourceTree = "<group>"; };
		1EAE3F571B886E2800F23CE1 /* QYModel.xcdatamodel */ = {isa = PBXFileReference; lastKnownFileType = wrapper.xcdatamodel; path = QYModel.xcdatamodel; sourceTree = "<group>"; };
		1EEA9A721B7F548000CB1E35 /* QYCoreDataManagerDemo.app */ = {isa = PBXFileReference; explicitFileType = wrapper.application; includeInIndex = 0; path = QYCoreDataManagerDemo.app; sourceTree = BUILT_PRODUCTS_DIR; };
		1EEA9A761B7F548000CB1E35 /* Info.plist */ = {isa = PBXFileReference; lastKnownFileType = text.plist.xml; path = Info.plist; sourceTree = "<group>"; };
		1EEA9A771B7F548000CB1E35 /* main.m */ = {isa = PBXFileReference; lastKnownFileType = sourcecode.c.objc; path = main.m; sourceTree = "<group>"; };
		1EEA9A791B7F548000CB1E35 /* AppDelegate.h */ = {isa = PBXFileReference; lastKnownFileType = sourcecode.c.h; path = AppDelegate.h; sourceTree = "<group>"; };
		1EEA9A7A1B7F548000CB1E35 /* AppDelegate.m */ = {isa = PBXFileReference; lastKnownFileType = sourcecode.c.objc; path = AppDelegate.m; sourceTree = "<group>"; };
		1EEA9A7C1B7F548000CB1E35 /* ViewController.h */ = {isa = PBXFileReference; lastKnownFileType = sourcecode.c.h; path = ViewController.h; sourceTree = "<group>"; };
		1EEA9A7D1B7F548000CB1E35 /* ViewController.m */ = {isa = PBXFileReference; lastKnownFileType = sourcecode.c.objc; path = ViewController.m; sourceTree = "<group>"; };
		1EEA9A801B7F548000CB1E35 /* Base */ = {isa = PBXFileReference; lastKnownFileType = file.storyboard; name = Base; path = Base.lproj/Main.storyboard; sourceTree = "<group>"; };
		1EEA9A821B7F548000CB1E35 /* Images.xcassets */ = {isa = PBXFileReference; lastKnownFileType = folder.assetcatalog; path = Images.xcassets; sourceTree = "<group>"; };
		1EEA9A851B7F548000CB1E35 /* Base */ = {isa = PBXFileReference; lastKnownFileType = file.xib; name = Base; path = Base.lproj/LaunchScreen.xib; sourceTree = "<group>"; };
		1EEA9A8B1B7F548100CB1E35 /* QYCoreDataManagerDemoTests.xctest */ = {isa = PBXFileReference; explicitFileType = wrapper.cfbundle; includeInIndex = 0; path = QYCoreDataManagerDemoTests.xctest; sourceTree = BUILT_PRODUCTS_DIR; };
		1EEA9A901B7F548100CB1E35 /* Info.plist */ = {isa = PBXFileReference; lastKnownFileType = text.plist.xml; path = Info.plist; sourceTree = "<group>"; };
		1EEA9A911B7F548100CB1E35 /* QYCoreDataManagerDemoTests.m */ = {isa = PBXFileReference; lastKnownFileType = sourcecode.c.objc; path = QYCoreDataManagerDemoTests.m; sourceTree = "<group>"; };
		1EEA9A9C1B7F561500CB1E35 /* QYCoreDataManager.h */ = {isa = PBXFileReference; fileEncoding = 4; lastKnownFileType = sourcecode.c.h; path = QYCoreDataManager.h; sourceTree = "<group>"; };
		1EEA9A9D1B7F561500CB1E35 /* QYCoreDataManager.m */ = {isa = PBXFileReference; fileEncoding = 4; lastKnownFileType = sourcecode.c.objc; path = QYCoreDataManager.m; sourceTree = "<group>"; };
/* End PBXFileReference section */

/* Begin PBXFrameworksBuildPhase section */
		1EEA9A6F1B7F548000CB1E35 /* Frameworks */ = {
			isa = PBXFrameworksBuildPhase;
			buildActionMask = 2147483647;
			files = (
			);
			runOnlyForDeploymentPostprocessing = 0;
		};
		1EEA9A881B7F548100CB1E35 /* Frameworks */ = {
			isa = PBXFrameworksBuildPhase;
			buildActionMask = 2147483647;
			files = (
			);
			runOnlyForDeploymentPostprocessing = 0;
		};
/* End PBXFrameworksBuildPhase section */

/* Begin PBXGroup section */
		1EEA9A691B7F548000CB1E35 = {
			isa = PBXGroup;
			children = (
				1EEA9A9B1B7F561500CB1E35 /* QYCoreDataManager */,
				1EEA9A741B7F548000CB1E35 /* QYCoreDataManagerDemo */,
				1EEA9A8E1B7F548100CB1E35 /* QYCoreDataManagerDemoTests */,
				1EEA9A731B7F548000CB1E35 /* Products */,
			);
			sourceTree = "<group>";
		};
		1EEA9A731B7F548000CB1E35 /* Products */ = {
			isa = PBXGroup;
			children = (
				1EEA9A721B7F548000CB1E35 /* QYCoreDataManagerDemo.app */,
				1EEA9A8B1B7F548100CB1E35 /* QYCoreDataManagerDemoTests.xctest */,
			);
			name = Products;
			sourceTree = "<group>";
		};
		1EEA9A741B7F548000CB1E35 /* QYCoreDataManagerDemo */ = {
			isa = PBXGroup;
			children = (
				1EEA9A791B7F548000CB1E35 /* AppDelegate.h */,
				1EEA9A7A1B7F548000CB1E35 /* AppDelegate.m */,
				1EEA9A7C1B7F548000CB1E35 /* ViewController.h */,
				1EEA9A7D1B7F548000CB1E35 /* ViewController.m */,
				1E3B75EA1BBBEA7B00B3F12F /* Person.h */,
				1E3B75EB1BBBEA7B00B3F12F /* Person.m */,
				1EAE3F561B886E2800F23CE1 /* QYModel.xcdatamodeld */,
				1EEA9A7F1B7F548000CB1E35 /* Main.storyboard */,
				1EEA9A821B7F548000CB1E35 /* Images.xcassets */,
				1EEA9A841B7F548000CB1E35 /* LaunchScreen.xib */,
				1EEA9A751B7F548000CB1E35 /* Supporting Files */,
			);
			path = QYCoreDataManagerDemo;
			sourceTree = "<group>";
		};
		1EEA9A751B7F548000CB1E35 /* Supporting Files */ = {
			isa = PBXGroup;
			children = (
				1EEA9A761B7F548000CB1E35 /* Info.plist */,
				1EEA9A771B7F548000CB1E35 /* main.m */,
			);
			name = "Supporting Files";
			sourceTree = "<group>";
		};
		1EEA9A8E1B7F548100CB1E35 /* QYCoreDataManagerDemoTests */ = {
			isa = PBXGroup;
			children = (
				1EEA9A911B7F548100CB1E35 /* QYCoreDataManagerDemoTests.m */,
				1EEA9A8F1B7F548100CB1E35 /* Supporting Files */,
			);
			path = QYCoreDataManagerDemoTests;
			sourceTree = "<group>";
		};
		1EEA9A8F1B7F548100CB1E35 /* Supporting Files */ = {
			isa = PBXGroup;
			children = (
				1EEA9A901B7F548100CB1E35 /* Info.plist */,
			);
			name = "Supporting Files";
			sourceTree = "<group>";
		};
		1EEA9A9B1B7F561500CB1E35 /* QYCoreDataManager */ = {
			isa = PBXGroup;
			children = (
				1EEA9A9C1B7F561500CB1E35 /* QYCoreDataManager.h */,
				1EEA9A9D1B7F561500CB1E35 /* QYCoreDataManager.m */,
			);
			path = QYCoreDataManager;
			sourceTree = "<group>";
		};
/* End PBXGroup section */

/* Begin PBXNativeTarget section */
		1EEA9A711B7F548000CB1E35 /* QYCoreDataManagerDemo */ = {
			isa = PBXNativeTarget;
			buildConfigurationList = 1EEA9A951B7F548100CB1E35 /* Build configuration list for PBXNativeTarget "QYCoreDataManagerDemo" */;
			buildPhases = (
				1EEA9A6E1B7F548000CB1E35 /* Sources */,
				1EEA9A6F1B7F548000CB1E35 /* Frameworks */,
				1EEA9A701B7F548000CB1E35 /* Resources */,
			);
			buildRules = (
			);
			dependencies = (
			);
			name = QYCoreDataManagerDemo;
			productName = QYCoreDataManagerDemo;
			productReference = 1EEA9A721B7F548000CB1E35 /* QYCoreDataManagerDemo.app */;
			productType = "com.apple.product-type.application";
		};
		1EEA9A8A1B7F548100CB1E35 /* QYCoreDataManagerDemoTests */ = {
			isa = PBXNativeTarget;
			buildConfigurationList = 1EEA9A981B7F548100CB1E35 /* Build configuration list for PBXNativeTarget "QYCoreDataManagerDemoTests" */;
			buildPhases = (
				1EEA9A871B7F548100CB1E35 /* Sources */,
				1EEA9A881B7F548100CB1E35 /* Frameworks */,
				1EEA9A891B7F548100CB1E35 /* Resources */,
			);
			buildRules = (
			);
			dependencies = (
				1EEA9A8D1B7F548100CB1E35 /* PBXTargetDependency */,
			);
			name = QYCoreDataManagerDemoTests;
			productName = QYCoreDataManagerDemoTests;
			productReference = 1EEA9A8B1B7F548100CB1E35 /* QYCoreDataManagerDemoTests.xctest */;
			productType = "com.apple.product-type.bundle.unit-test";
		};
/* End PBXNativeTarget section */

/* Begin PBXProject section */
		1EEA9A6A1B7F548000CB1E35 /* Project object */ = {
			isa = PBXProject;
			attributes = {
				LastUpgradeCheck = 0700;
				ORGANIZATIONNAME = qianye;
				TargetAttributes = {
					1EEA9A711B7F548000CB1E35 = {
						CreatedOnToolsVersion = 6.4;
					};
					1EEA9A8A1B7F548100CB1E35 = {
						CreatedOnToolsVersion = 6.4;
						TestTargetID = 1EEA9A711B7F548000CB1E35;
					};
				};
			};
			buildConfigurationList = 1EEA9A6D1B7F548000CB1E35 /* Build configuration list for PBXProject "QYCoreDataManagerDemo" */;
			compatibilityVersion = "Xcode 3.2";
			developmentRegion = English;
			hasScannedForEncodings = 0;
			knownRegions = (
				en,
				Base,
			);
			mainGroup = 1EEA9A691B7F548000CB1E35;
			productRefGroup = 1EEA9A731B7F548000CB1E35 /* Products */;
			projectDirPath = "";
			projectRoot = "";
			targets = (
				1EEA9A711B7F548000CB1E35 /* QYCoreDataManagerDemo */,
				1EEA9A8A1B7F548100CB1E35 /* QYCoreDataManagerDemoTests */,
			);
		};
/* End PBXProject section */

/* Begin PBXResourcesBuildPhase section */
		1EEA9A701B7F548000CB1E35 /* Resources */ = {
			isa = PBXResourcesBuildPhase;
			buildActionMask = 2147483647;
			files = (
				1EEA9A811B7F548000CB1E35 /* Main.storyboard in Resources */,
				1EEA9A861B7F548000CB1E35 /* LaunchScreen.xib in Resources */,
				1EEA9A831B7F548000CB1E35 /* Images.xcassets in Resources */,
			);
			runOnlyForDeploymentPostprocessing = 0;
		};
		1EEA9A891B7F548100CB1E35 /* Resources */ = {
			isa = PBXResourcesBuildPhase;
			buildActionMask = 2147483647;
			files = (
			);
			runOnlyForDeploymentPostprocessing = 0;
		};
/* End PBXResourcesBuildPhase section */

/* Begin PBXSourcesBuildPhase section */
		1EEA9A6E1B7F548000CB1E35 /* Sources */ = {
			isa = PBXSourcesBuildPhase;
			buildActionMask = 2147483647;
			files = (
				1E3B75EC1BBBEA7B00B3F12F /* Person.m in Sources */,
				1EEA9A7E1B7F548000CB1E35 /* ViewController.m in Sources */,
				1EEA9A7B1B7F548000CB1E35 /* AppDelegate.m in Sources */,
				1EEA9A9E1B7F561500CB1E35 /* QYCoreDataManager.m in Sources */,
				1EAE3F581B886E2800F23CE1 /* QYModel.xcdatamodeld in Sources */,
				1EEA9A781B7F548000CB1E35 /* main.m in Sources */,
			);
			runOnlyForDeploymentPostprocessing = 0;
		};
		1EEA9A871B7F548100CB1E35 /* Sources */ = {
			isa = PBXSourcesBuildPhase;
			buildActionMask = 2147483647;
			files = (
				1EEA9A921B7F548100CB1E35 /* QYCoreDataManagerDemoTests.m in Sources */,
			);
			runOnlyForDeploymentPostprocessing = 0;
		};
/* End PBXSourcesBuildPhase section */

/* Begin PBXTargetDependency section */
		1EEA9A8D1B7F548100CB1E35 /* PBXTargetDependency */ = {
			isa = PBXTargetDependency;
			target = 1EEA9A711B7F548000CB1E35 /* QYCoreDataManagerDemo */;
			targetProxy = 1EEA9A8C1B7F548100CB1E35 /* PBXContainerItemProxy */;
		};
/* End PBXTargetDependency section */

/* Begin PBXVariantGroup section */
		1EEA9A7F1B7F548000CB1E35 /* Main.storyboard */ = {
			isa = PBXVariantGroup;
			children = (
				1EEA9A801B7F548000CB1E35 /* Base */,
			);
			name = Main.storyboard;
			sourceTree = "<group>";
		};
		1EEA9A841B7F548000CB1E35 /* LaunchScreen.xib */ = {
			isa = PBXVariantGroup;
			children = (
				1EEA9A851B7F548000CB1E35 /* Base */,
			);
			name = LaunchScreen.xib;
			sourceTree = "<group>";
		};
/* End PBXVariantGroup section */

/* Begin XCBuildConfiguration section */
		1EEA9A931B7F548100CB1E35 /* Debug */ = {
			isa = XCBuildConfiguration;
			buildSettings = {
				ALWAYS_SEARCH_USER_PATHS = NO;
				CLANG_CXX_LANGUAGE_STANDARD = "gnu++0x";
				CLANG_CXX_LIBRARY = "libc++";
				CLANG_ENABLE_MODULES = YES;
				CLANG_ENABLE_OBJC_ARC = YES;
				CLANG_WARN_BOOL_CONVERSION = YES;
				CLANG_WARN_CONSTANT_CONVERSION = YES;
				CLANG_WARN_DIRECT_OBJC_ISA_USAGE = YES_ERROR;
				CLANG_WARN_EMPTY_BODY = YES;
				CLANG_WARN_ENUM_CONVERSION = YES;
				CLANG_WARN_INT_CONVERSION = YES;
				CLANG_WARN_OBJC_ROOT_CLASS = YES_ERROR;
				CLANG_WARN_UNREACHABLE_CODE = YES;
				CLANG_WARN__DUPLICATE_METHOD_MATCH = YES;
				"CODE_SIGN_IDENTITY[sdk=iphoneos*]" = "iPhone Developer";
				COPY_PHASE_STRIP = NO;
				DEBUG_INFORMATION_FORMAT = "dwarf-with-dsym";
				ENABLE_STRICT_OBJC_MSGSEND = YES;
				ENABLE_TESTABILITY = YES;
				GCC_C_LANGUAGE_STANDARD = gnu99;
				GCC_DYNAMIC_NO_PIC = NO;
				GCC_NO_COMMON_BLOCKS = YES;
				GCC_OPTIMIZATION_LEVEL = 0;
				GCC_PREPROCESSOR_DEFINITIONS = (
					"DEBUG=1",
					"$(inherited)",
				);
				GCC_SYMBOLS_PRIVATE_EXTERN = NO;
				GCC_WARN_64_TO_32_BIT_CONVERSION = YES;
				GCC_WARN_ABOUT_RETURN_TYPE = YES_ERROR;
				GCC_WARN_UNDECLARED_SELECTOR = YES;
				GCC_WARN_UNINITIALIZED_AUTOS = YES_AGGRESSIVE;
				GCC_WARN_UNUSED_FUNCTION = YES;
				GCC_WARN_UNUSED_VARIABLE = YES;
				IPHONEOS_DEPLOYMENT_TARGET = 8.4;
				MTL_ENABLE_DEBUG_INFO = YES;
				ONLY_ACTIVE_ARCH = YES;
				SDKROOT = iphoneos;
			};
			name = Debug;
		};
		1EEA9A941B7F548100CB1E35 /* Release */ = {
			isa = XCBuildConfiguration;
			buildSettings = {
				ALWAYS_SEARCH_USER_PATHS = NO;
				CLANG_CXX_LANGUAGE_STANDARD = "gnu++0x";
				CLANG_CXX_LIBRARY = "libc++";
				CLANG_ENABLE_MODULES = YES;
				CLANG_ENABLE_OBJC_ARC = YES;
				CLANG_WARN_BOOL_CONVERSION = YES;
				CLANG_WARN_CONSTANT_CONVERSION = YES;
				CLANG_WARN_DIRECT_OBJC_ISA_USAGE = YES_ERROR;
				CLANG_WARN_EMPTY_BODY = YES;
				CLANG_WARN_ENUM_CONVERSION = YES;
				CLANG_WARN_INT_CONVERSION = YES;
				CLANG_WARN_OBJC_ROOT_CLASS = YES_ERROR;
				CLANG_WARN_UNREACHABLE_CODE = YES;
				CLANG_WARN__DUPLICATE_METHOD_MATCH = YES;
				"CODE_SIGN_IDENTITY[sdk=iphoneos*]" = "iPhone Developer";
				COPY_PHASE_STRIP = NO;
				DEBUG_INFORMATION_FORMAT = "dwarf-with-dsym";
				ENABLE_NS_ASSERTIONS = NO;
				ENABLE_STRICT_OBJC_MSGSEND = YES;
				GCC_C_LANGUAGE_STANDARD = gnu99;
				GCC_NO_COMMON_BLOCKS = YES;
				GCC_WARN_64_TO_32_BIT_CONVERSION = YES;
				GCC_WARN_ABOUT_RETURN_TYPE = YES_ERROR;
				GCC_WARN_UNDECLARED_SELECTOR = YES;
				GCC_WARN_UNINITIALIZED_AUTOS = YES_AGGRESSIVE;
				GCC_WARN_UNUSED_FUNCTION = YES;
				GCC_WARN_UNUSED_VARIABLE = YES;
				IPHONEOS_DEPLOYMENT_TARGET = 8.4;
				MTL_ENABLE_DEBUG_INFO = NO;
				SDKROOT = iphoneos;
				VALIDATE_PRODUCT = YES;
			};
			name = Release;
		};
		1EEA9A961B7F548100CB1E35 /* Debug */ = {
			isa = XCBuildConfiguration;
			buildSettings = {
				ASSETCATALOG_COMPILER_APPICON_NAME = AppIcon;
				INFOPLIST_FILE = QYCoreDataManagerDemo/Info.plist;
				LD_RUNPATH_SEARCH_PATHS = "$(inherited) @executable_path/Frameworks";
				PRODUCT_BUNDLE_IDENTIFIER = "com.qianye.$(PRODUCT_NAME:rfc1034identifier)";
				PRODUCT_NAME = "$(TARGET_NAME)";
			};
			name = Debug;
		};
		1EEA9A971B7F548100CB1E35 /* Release */ = {
			isa = XCBuildConfiguration;
			buildSettings = {
				ASSETCATALOG_COMPILER_APPICON_NAME = AppIcon;
				INFOPLIST_FILE = QYCoreDataManagerDemo/Info.plist;
				LD_RUNPATH_SEARCH_PATHS = "$(inherited) @executable_path/Frameworks";
				PRODUCT_BUNDLE_IDENTIFIER = "com.qianye.$(PRODUCT_NAME:rfc1034identifier)";
				PRODUCT_NAME = "$(TARGET_NAME)";
			};
			name = Release;
		};
		1EEA9A991B7F548100CB1E35 /* Debug */ = {
			isa = XCBuildConfiguration;
			buildSettings = {
				BUNDLE_LOADER = "$(TEST_HOST)";
				FRAMEWORK_SEARCH_PATHS = (
					"$(SDKROOT)/Developer/Library/Frameworks",
					"$(inherited)",
				);
				GCC_PREPROCESSOR_DEFINITIONS = (
					"DEBUG=1",
					"$(inherited)",
				);
				INFOPLIST_FILE = QYCoreDataManagerDemoTests/Info.plist;
				LD_RUNPATH_SEARCH_PATHS = "$(inherited) @executable_path/Frameworks @loader_path/Frameworks";
				PRODUCT_BUNDLE_IDENTIFIER = "com.qianye.$(PRODUCT_NAME:rfc1034identifier)";
				PRODUCT_NAME = "$(TARGET_NAME)";
				TEST_HOST = "$(BUILT_PRODUCTS_DIR)/QYCoreDataManagerDemo.app/QYCoreDataManagerDemo";
			};
			name = Debug;
		};
		1EEA9A9A1B7F548100CB1E35 /* Release */ = {
			isa = XCBuildConfiguration;
			buildSettings = {
				BUNDLE_LOADER = "$(TEST_HOST)";
				FRAMEWORK_SEARCH_PATHS = (
					"$(SDKROOT)/Developer/Library/Frameworks",
					"$(inherited)",
				);
				INFOPLIST_FILE = QYCoreDataManagerDemoTests/Info.plist;
				LD_RUNPATH_SEARCH_PATHS = "$(inherited) @executable_path/Frameworks @loader_path/Frameworks";
				PRODUCT_BUNDLE_IDENTIFIER = "com.qianye.$(PRODUCT_NAME:rfc1034identifier)";
				PRODUCT_NAME = "$(TARGET_NAME)";
				TEST_HOST = "$(BUILT_PRODUCTS_DIR)/QYCoreDataManagerDemo.app/QYCoreDataManagerDemo";
			};
			name = Release;
		};
/* End XCBuildConfiguration section */

/* Begin XCConfigurationList section */
		1EEA9A6D1B7F548000CB1E35 /* Build configuration list for PBXProject "QYCoreDataManagerDemo" */ = {
			isa = XCConfigurationList;
			buildConfigurations = (
				1EEA9A931B7F548100CB1E35 /* Debug */,
				1EEA9A941B7F548100CB1E35 /* Release */,
			);
			defaultConfigurationIsVisible = 0;
			defaultConfigurationName = Release;
		};
		1EEA9A951B7F548100CB1E35 /* Build configuration list for PBXNativeTarget "QYCoreDataManagerDemo" */ = {
			isa = XCConfigurationList;
			buildConfigurations = (
				1EEA9A961B7F548100CB1E35 /* Debug */,
				1EEA9A971B7F548100CB1E35 /* Release */,
			);
			defaultConfigurationIsVisible = 0;
			defaultConfigurationName = Release;
		};
		1EEA9A981B7F548100CB1E35 /* Build configuration list for PBXNativeTarget "QYCoreDataManagerDemoTests" */ = {
			isa = XCConfigurationList;
			buildConfigurations = (
				1EEA9A991B7F548100CB1E35 /* Debug */,
				1EEA9A9A1B7F548100CB1E35 /* Release */,
			);
			defaultConfigurationIsVisible = 0;
			defaultConfigurationName = Release;
		};
/* End XCConfigurationList section */

/* Begin XCVersionGroup section */
		1EAE3F561B886E2800F23CE1 /* QYModel.xcdatamodeld */ = {
			isa = XCVersionGroup;
			children = (
				1EAE3F571B886E2800F23CE1 /* QYModel.xcdatamodel */,
			);
			currentVersion = 1EAE3F571B886E2800F23CE1 /* QYModel.xcdatamodel */;
			path = QYModel.xcdatamodeld;
			sourceTree = "<group>";
			versionGroupType = wrapper.xcdatamodel;
		};
/* End XCVersionGroup section */
	};
	rootObject = 1EEA9A6A1B7F548000CB1E35 /* Project object */;
}
